
Microsoft Visual Studio Solution File, Format Version 12.00
# Visual Studio Version 17
VisualStudioVersion = 17.0.31903.59
MinimumVisualStudioVersion = 10.0.40219.1
Project("{2150E333-8FDC-42A3-9474-1A3956D46DE8}") = "src", "src", "{827E0CD3-B72D-47B6-A68D-7590B98EB39B}"
EndProject
Project("{FAE04EC0-301F-11D3-BF4B-00C04F79EFBC}") = "Toshal.Template", "src\Toshal.Template\Toshal.Template.csproj", "{151BE7B3-92F5-4E8D-8B8F-AC4CF1E126BA}"
EndProject
Project("{2150E333-8FDC-42A3-9474-1A3956D46DE8}") = "tests", "tests", "{0AB3BF05-4346-4AA6-1389-037BE0695223}"
EndProject
Project("{FAE04EC0-301F-11D3-BF4B-00C04F79EFBC}") = "Toshal.Template.Tests", "tests\Toshal.Template.Tests\Toshal.Template.Tests.csproj", "{5071E3E8-488A-4D57-893F-F349553DA2C6}"
EndProject
Project("{2150E333-8FDC-42A3-9474-1A3956D46DE8}") = "tools", "tools", "{07C2787E-EAC7-C090-1BA3-A61EC2A24D84}"
EndProject
Project("{FAE04EC0-301F-11D3-BF4B-00C04F79EFBC}") = "Toshal.Template.Tools", "tools\Toshal.Template.Tools\Toshal.Template.Tools.csproj", "{E6C3CF0E-D39F-4880-B13D-70A318A77316}"
EndProject
Project("{2150E333-8FDC-42A3-9474-1A3956D46DE8}") = "examples", "examples", "{B36A84DF-456D-A817-6EDD-3EC3E7F6E11F}"
EndProject
Project("{FAE04EC0-301F-11D3-BF4B-00C04F79EFBC}") = "Toshal.Template.Examples", "examples\Toshal.Template.Examples\Toshal.Template.Examples.csproj", "{36D34FAA-788A-426B-8CEF-330B09BA0755}"
EndProject
Global
	GlobalSection(SolutionConfigurationPlatforms) = preSolution
		Debug|Any CPU = Debug|Any CPU
		Debug|x64 = Debug|x64
		Debug|x86 = Debug|x86
		Release|Any CPU = Release|Any CPU
		Release|x64 = Release|x64
		Release|x86 = Release|x86
	EndGlobalSection
	GlobalSection(ProjectConfigurationPlatforms) = postSolution
		{151BE7B3-92F5-4E8D-8B8F-AC4CF1E126BA}.Debug|Any CPU.ActiveCfg = Debug|Any CPU
		{151BE7B3-92F5-4E8D-8B8F-AC4CF1E126BA}.Debug|Any CPU.Build.0 = Debug|Any CPU
		{151BE7B3-92F5-4E8D-8B8F-AC4CF1E126BA}.Debug|x64.ActiveCfg = Debug|Any CPU
		{151BE7B3-92F5-4E8D-8B8F-AC4CF1E126BA}.Debug|x64.Build.0 = Debug|Any CPU
		{151BE7B3-92F5-4E8D-8B8F-AC4CF1E126BA}.Debug|x86.ActiveCfg = Debug|Any CPU
		{151BE7B3-92F5-4E8D-8B8F-AC4CF1E126BA}.Debug|x86.Build.0 = Debug|Any CPU
		{151BE7B3-92F5-4E8D-8B8F-AC4CF1E126BA}.Release|Any CPU.ActiveCfg = Release|Any CPU
		{151BE7B3-92F5-4E8D-8B8F-AC4CF1E126BA}.Release|Any CPU.Build.0 = Release|Any CPU
		{151BE7B3-92F5-4E8D-8B8F-AC4CF1E126BA}.Release|x64.ActiveCfg = Release|Any CPU
		{151BE7B3-92F5-4E8D-8B8F-AC4CF1E126BA}.Release|x64.Build.0 = Release|Any CPU
		{151BE7B3-92F5-4E8D-8B8F-AC4CF1E126BA}.Release|x86.ActiveCfg = Release|Any CPU
		{151BE7B3-92F5-4E8D-8B8F-AC4CF1E126BA}.Release|x86.Build.0 = Release|Any CPU
		{5071E3E8-488A-4D57-893F-F349553DA2C6}.Debug|Any CPU.ActiveCfg = Debug|Any CPU
		{5071E3E8-488A-4D57-893F-F349553DA2C6}.Debug|Any CPU.Build.0 = Debug|Any CPU
		{5071E3E8-488A-4D57-893F-F349553DA2C6}.Debug|x64.ActiveCfg = Debug|Any CPU
		{5071E3E8-488A-4D57-893F-F349553DA2C6}.Debug|x64.Build.0 = Debug|Any CPU
		{5071E3E8-488A-4D57-893F-F349553DA2C6}.Debug|x86.ActiveCfg = Debug|Any CPU
		{5071E3E8-488A-4D57-893F-F349553DA2C6}.Debug|x86.Build.0 = Debug|Any CPU
		{5071E3E8-488A-4D57-893F-F349553DA2C6}.Release|Any CPU.ActiveCfg = Release|Any CPU
		{5071E3E8-488A-4D57-893F-F349553DA2C6}.Release|Any CPU.Build.0 = Release|Any CPU
		{5071E3E8-488A-4D57-893F-F349553DA2C6}.Release|x64.ActiveCfg = Release|Any CPU
		{5071E3E8-488A-4D57-893F-F349553DA2C6}.Release|x64.Build.0 = Release|Any CPU
		{5071E3E8-488A-4D57-893F-F349553DA2C6}.Release|x86.ActiveCfg = Release|Any CPU
		{5071E3E8-488A-4D57-893F-F349553DA2C6}.Release|x86.Build.0 = Release|Any CPU
		{E6C3CF0E-D39F-4880-B13D-70A318A77316}.Debug|Any CPU.ActiveCfg = Debug|Any CPU
		{E6C3CF0E-D39F-4880-B13D-70A318A77316}.Debug|Any CPU.Build.0 = Debug|Any CPU
		{E6C3CF0E-D39F-4880-B13D-70A318A77316}.Debug|x64.ActiveCfg = Debug|Any CPU
		{E6C3CF0E-D39F-4880-B13D-70A318A77316}.Debug|x64.Build.0 = Debug|Any CPU
		{E6C3CF0E-D39F-4880-B13D-70A318A77316}.Debug|x86.ActiveCfg = Debug|Any CPU
		{E6C3CF0E-D39F-4880-B13D-70A318A77316}.Debug|x86.Build.0 = Debug|Any CPU
		{E6C3CF0E-D39F-4880-B13D-70A318A77316}.Release|Any CPU.ActiveCfg = Release|Any CPU
		{E6C3CF0E-D39F-4880-B13D-70A318A77316}.Release|Any CPU.Build.0 = Release|Any CPU
		{E6C3CF0E-D39F-4880-B13D-70A318A77316}.Release|x64.ActiveCfg = Release|Any CPU
		{E6C3CF0E-D39F-4880-B13D-70A318A77316}.Release|x64.Build.0 = Release|Any CPU
		{E6C3CF0E-D39F-4880-B13D-70A318A77316}.Release|x86.ActiveCfg = Release|Any CPU
		{E6C3CF0E-D39F-4880-B13D-70A318A77316}.Release|x86.Build.0 = Release|Any CPU
		{36D34FAA-788A-426B-8CEF-330B09BA0755}.Debug|Any CPU.ActiveCfg = Debug|Any CPU
		{36D34FAA-788A-426B-8CEF-330B09BA0755}.Debug|Any CPU.Build.0 = Debug|Any CPU
		{36D34FAA-788A-426B-8CEF-330B09BA0755}.Debug|x64.ActiveCfg = Debug|Any CPU
		{36D34FAA-788A-426B-8CEF-330B09BA0755}.Debug|x64.Build.0 = Debug|Any CPU
		{36D34FAA-788A-426B-8CEF-330B09BA0755}.Debug|x86.ActiveCfg = Debug|Any CPU
		{36D34FAA-788A-426B-8CEF-330B09BA0755}.Debug|x86.Build.0 = Debug|Any CPU
		{36D34FAA-788A-426B-8CEF-330B09BA0755}.Release|Any CPU.ActiveCfg = Release|Any CPU
		{36D34FAA-788A-426B-8CEF-330B09BA0755}.Release|Any CPU.Build.0 = Release|Any CPU
		{36D34FAA-788A-426B-8CEF-330B09BA0755}.Release|x64.ActiveCfg = Release|Any CPU
		{36D34FAA-788A-426B-8CEF-330B09BA0755}.Release|x64.Build.0 = Release|Any CPU
		{36D34FAA-788A-426B-8CEF-330B09BA0755}.Release|x86.ActiveCfg = Release|Any CPU
		{36D34FAA-788A-426B-8CEF-330B09BA0755}.Release|x86.Build.0 = Release|Any CPU
	EndGlobalSection
	GlobalSection(SolutionProperties) = preSolution
		HideSolutionNode = FALSE
	EndGlobalSection
	GlobalSection(NestedProjects) = preSolution
		{151BE7B3-92F5-4E8D-8B8F-AC4CF1E126BA} = {827E0CD3-B72D-47B6-A68D-7590B98EB39B}
		{5071E3E8-488A-4D57-893F-F349553DA2C6} = {0AB3BF05-4346-4AA6-1389-037BE0695223}
		{E6C3CF0E-D39F-4880-B13D-70A318A77316} = {07C2787E-EAC7-C090-1BA3-A61EC2A24D84}
		{36D34FAA-788A-426B-8CEF-330B09BA0755} = {B36A84DF-456D-A817-6EDD-3EC3E7F6E11F}
	EndGlobalSection
EndGlobal
