
Microsoft Visual Studio Solution File, Format Version 12.00
# Visual Studio 14
VisualStudioVersion = 14.0.25420.1
MinimumVisualStudioVersion = 10.0.40219.1
Project("{FAE04EC0-301F-11D3-BF4B-00C04F79EFBC}") = "Toshal.Template-NET45", "Toshal.Template-NET45\Toshal.Template-NET45.csproj", "{B85B0B32-DE3E-4EF1-94D8-E6AAE339F47F}"
EndProject
Project("{8BB2217D-0F2D-49D1-97BC-3654ED321F3B}") = "Toshal.Template", "Toshal.Template\Toshal.Template.xproj", "{6AD6ED2C-1154-424A-A9AC-BFCB44C9B065}"
EndProject
Project("{8BB2217D-0F2D-49D1-97BC-3654ED321F3B}") = "Test.Template", "Test.Template\Test.Template.xproj", "{43E32151-6EE0-438D-A4BD-714ECF23109C}"
EndProject
Global
	GlobalSection(SolutionConfigurationPlatforms) = preSolution
		Debug|Any CPU = Debug|Any CPU
		Release|Any CPU = Release|Any CPU
	EndGlobalSection
	GlobalSection(ProjectConfigurationPlatforms) = postSolution
		{B85B0B32-DE3E-4EF1-94D8-E6AAE339F47F}.Debug|Any CPU.ActiveCfg = Debug|Any CPU
		{B85B0B32-DE3E-4EF1-94D8-E6AAE339F47F}.Debug|Any CPU.Build.0 = Debug|Any CPU
		{B85B0B32-DE3E-4EF1-94D8-E6AAE339F47F}.Release|Any CPU.ActiveCfg = Release|Any CPU
		{B85B0B32-DE3E-4EF1-94D8-E6AAE339F47F}.Release|Any CPU.Build.0 = Release|Any CPU
		{6AD6ED2C-1154-424A-A9AC-BFCB44C9B065}.Debug|Any CPU.ActiveCfg = Debug|Any CPU
		{6AD6ED2C-1154-424A-A9AC-BFCB44C9B065}.Debug|Any CPU.Build.0 = Debug|Any CPU
		{6AD6ED2C-1154-424A-A9AC-BFCB44C9B065}.Release|Any CPU.ActiveCfg = Release|Any CPU
		{6AD6ED2C-1154-424A-A9AC-BFCB44C9B065}.Release|Any CPU.Build.0 = Release|Any CPU
		{43E32151-6EE0-438D-A4BD-714ECF23109C}.Debug|Any CPU.ActiveCfg = Debug|Any CPU
		{43E32151-6EE0-438D-A4BD-714ECF23109C}.Debug|Any CPU.Build.0 = Debug|Any CPU
		{43E32151-6EE0-438D-A4BD-714ECF23109C}.Release|Any CPU.ActiveCfg = Release|Any CPU
		{43E32151-6EE0-438D-A4BD-714ECF23109C}.Release|Any CPU.Build.0 = Release|Any CPU
	EndGlobalSection
	GlobalSection(SolutionProperties) = preSolution
		HideSolutionNode = FALSE
	EndGlobalSection
EndGlobal
